// !$*UTF8*$!
{
	archiveVersion = 1;
	classes = {
	};
	objectVersion = 55;
	objects = {

/* Begin PBXBuildFile section */
		CB52BA352818BBB80027C72B /* Model.swift in Sources */ = {isa = PBXBuildFile; fileRef = CB52BA342818BBB80027C72B /* Model.swift */; };
		CB52BA372818BBCB0027C72B /* SampleData.json in Resources */ = {isa = PBXBuildFile; fileRef = CB52BA362818BBCB0027C72B /* SampleData.json */; };
		CB52BA392818C56C0027C72B /* BusinessSearch.swift in Sources */ = {isa = PBXBuildFile; fileRef = CB52BA382818C56C0027C72B /* BusinessSearch.swift */; };
		CB52BA3C2818C7080027C72B /* Constants.swift in Sources */ = {isa = PBXBuildFile; fileRef = CB52BA3B2818C7080027C72B /* Constants.swift */; };
		CB52BA412818F97F0027C72B /* HomeView.swift in Sources */ = {isa = PBXBuildFile; fileRef = CB52BA402818F97E0027C72B /* HomeView.swift */; };
		CB52BA442818FB950027C72B /* BusinessList.swift in Sources */ = {isa = PBXBuildFile; fileRef = CB52BA432818FB950027C72B /* BusinessList.swift */; };
		CB52BA462818FD9B0027C72B /* BusinessSectionHeader.swift in Sources */ = {isa = PBXBuildFile; fileRef = CB52BA452818FD9B0027C72B /* BusinessSectionHeader.swift */; };
		CB52BA482818FE3F0027C72B /* BusinessSection.swift in Sources */ = {isa = PBXBuildFile; fileRef = CB52BA472818FE3F0027C72B /* BusinessSection.swift */; };
		CB97C3832817A88A005B75FC /* CitySightsApp.swift in Sources */ = {isa = PBXBuildFile; fileRef = CB97C3822817A88A005B75FC /* CitySightsApp.swift */; };
		CB97C3852817A88A005B75FC /* LaunchView.swift in Sources */ = {isa = PBXBuildFile; fileRef = CB97C3842817A88A005B75FC /* LaunchView.swift */; };
		CB97C3872817A88E005B75FC /* Assets.xcassets in Resources */ = {isa = PBXBuildFile; fileRef = CB97C3862817A88E005B75FC /* Assets.xcassets */; };
		CB97C38A2817A88E005B75FC /* Preview Assets.xcassets in Resources */ = {isa = PBXBuildFile; fileRef = CB97C3892817A88E005B75FC /* Preview Assets.xcassets */; };
		CB97C3942817B534005B75FC /* ContentModel.swift in Sources */ = {isa = PBXBuildFile; fileRef = CB97C3932817B534005B75FC /* ContentModel.swift */; };
		CB97C3972817B56C005B75FC /* CoreLocation.framework in Frameworks */ = {isa = PBXBuildFile; fileRef = CB97C3962817B56C005B75FC /* CoreLocation.framework */; };
/* End PBXBuildFile section */

/* Begin PBXFileReference section */
		CB52BA342818BBB80027C72B /* Model.swift */ = {isa = PBXFileReference; lastKnownFileType = sourcecode.swift; path = Model.swift; sourceTree = "<group>"; };
		CB52BA362818BBCB0027C72B /* SampleData.json */ = {isa = PBXFileReference; lastKnownFileType = text.json; path = SampleData.json; sourceTree = "<group>"; };
		CB52BA382818C56C0027C72B /* BusinessSearch.swift */ = {isa = PBXFileReference; lastKnownFileType = sourcecode.swift; path = BusinessSearch.swift; sourceTree = "<group>"; };
		CB52BA3B2818C7080027C72B /* Constants.swift */ = {isa = PBXFileReference; lastKnownFileType = sourcecode.swift; path = Constants.swift; sourceTree = "<group>"; };
		CB52BA402818F97E0027C72B /* HomeView.swift */ = {isa = PBXFileReference; lastKnownFileType = sourcecode.swift; path = HomeView.swift; sourceTree = "<group>"; };
		CB52BA432818FB950027C72B /* BusinessList.swift */ = {isa = PBXFileReference; lastKnownFileType = sourcecode.swift; path = BusinessList.swift; sourceTree = "<group>"; };
		CB52BA452818FD9B0027C72B /* BusinessSectionHeader.swift */ = {isa = PBXFileReference; lastKnownFileType = sourcecode.swift; path = BusinessSectionHeader.swift; sourceTree = "<group>"; };
		CB52BA472818FE3F0027C72B /* BusinessSection.swift */ = {isa = PBXFileReference; lastKnownFileType = sourcecode.swift; path = BusinessSection.swift; sourceTree = "<group>"; };
		CB97C37F2817A88A005B75FC /* City Sights App.app */ = {isa = PBXFileReference; explicitFileType = wrapper.application; includeInIndex = 0; path = "City Sights App.app"; sourceTree = BUILT_PRODUCTS_DIR; };
		CB97C3822817A88A005B75FC /* CitySightsApp.swift */ = {isa = PBXFileReference; lastKnownFileType = sourcecode.swift; path = CitySightsApp.swift; sourceTree = "<group>"; };
		CB97C3842817A88A005B75FC /* LaunchView.swift */ = {isa = PBXFileReference; lastKnownFileType = sourcecode.swift; path = LaunchView.swift; sourceTree = "<group>"; };
		CB97C3862817A88E005B75FC /* Assets.xcassets */ = {isa = PBXFileReference; lastKnownFileType = folder.assetcatalog; path = Assets.xcassets; sourceTree = "<group>"; };
		CB97C3892817A88E005B75FC /* Preview Assets.xcassets */ = {isa = PBXFileReference; lastKnownFileType = folder.assetcatalog; path = "Preview Assets.xcassets"; sourceTree = "<group>"; };
		CB97C3932817B534005B75FC /* ContentModel.swift */ = {isa = PBXFileReference; lastKnownFileType = sourcecode.swift; path = ContentModel.swift; sourceTree = "<group>"; };
		CB97C3962817B56C005B75FC /* CoreLocation.framework */ = {isa = PBXFileReference; lastKnownFileType = wrapper.framework; name = CoreLocation.framework; path = System/Library/Frameworks/CoreLocation.framework; sourceTree = SDKROOT; };
/* End PBXFileReference section */

/* Begin PBXFrameworksBuildPhase section */
		CB97C37C2817A88A005B75FC /* Frameworks */ = {
			isa = PBXFrameworksBuildPhase;
			buildActionMask = 2147483647;
			files = (
				CB97C3972817B56C005B75FC /* CoreLocation.framework in Frameworks */,
			);
			runOnlyForDeploymentPostprocessing = 0;
		};
/* End PBXFrameworksBuildPhase section */

/* Begin PBXGroup section */
		CB52BA3A2818C6F80027C72B /* Helpers */ = {
			isa = PBXGroup;
			children = (
				CB52BA3B2818C7080027C72B /* Constants.swift */,
			);
			path = Helpers;
			sourceTree = "<group>";
		};
		CB52BA3D2818F9680027C72B /* Onboarding */ = {
			isa = PBXGroup;
			children = (
			);
			path = Onboarding;
			sourceTree = "<group>";
		};
		CB52BA3E2818F96E0027C72B /* Denied */ = {
			isa = PBXGroup;
			children = (
			);
			path = Denied;
			sourceTree = "<group>";
		};
		CB52BA3F2818F9730027C72B /* Home */ = {
			isa = PBXGroup;
			children = (
				CB52BA402818F97E0027C72B /* HomeView.swift */,
				CB52BA422818FB830027C72B /* List */,
			);
			path = Home;
			sourceTree = "<group>";
		};
		CB52BA422818FB830027C72B /* List */ = {
			isa = PBXGroup;
			children = (
				CB52BA432818FB950027C72B /* BusinessList.swift */,
				CB52BA472818FE3F0027C72B /* BusinessSection.swift */,
				CB52BA452818FD9B0027C72B /* BusinessSectionHeader.swift */,
			);
			path = List;
			sourceTree = "<group>";
		};
		CB97C3762817A88A005B75FC = {
			isa = PBXGroup;
			children = (
				CB97C3812817A88A005B75FC /* City Sights App */,
				CB97C3802817A88A005B75FC /* Products */,
				CB97C3952817B56C005B75FC /* Frameworks */,
			);
			sourceTree = "<group>";
		};
		CB97C3802817A88A005B75FC /* Products */ = {
			isa = PBXGroup;
			children = (
				CB97C37F2817A88A005B75FC /* City Sights App.app */,
			);
			name = Products;
			sourceTree = "<group>";
		};
		CB97C3812817A88A005B75FC /* City Sights App */ = {
			isa = PBXGroup;
			children = (
				CB97C3822817A88A005B75FC /* CitySightsApp.swift */,
				CB97C3902817A8BB005B75FC /* Views */,
				CB97C3912817A8BF005B75FC /* ViewModels */,
				CB97C3922817A8C4005B75FC /* Models */,
				CB52BA3A2818C6F80027C72B /* Helpers */,
				CB97C3862817A88E005B75FC /* Assets.xcassets */,
				CB97C3882817A88E005B75FC /* Preview Content */,
			);
			path = "City Sights App";
			sourceTree = "<group>";
		};
		CB97C3882817A88E005B75FC /* Preview Content */ = {
			isa = PBXGroup;
			children = (
				CB97C3892817A88E005B75FC /* Preview Assets.xcassets */,
			);
			path = "Preview Content";
			sourceTree = "<group>";
		};
		CB97C3902817A8BB005B75FC /* Views */ = {
			isa = PBXGroup;
			children = (
				CB97C3842817A88A005B75FC /* LaunchView.swift */,
				CB52BA3F2818F9730027C72B /* Home */,
				CB52BA3E2818F96E0027C72B /* Denied */,
				CB52BA3D2818F9680027C72B /* Onboarding */,
			);
			path = Views;
			sourceTree = "<group>";
		};
		CB97C3912817A8BF005B75FC /* ViewModels */ = {
			isa = PBXGroup;
			children = (
				CB97C3932817B534005B75FC /* ContentModel.swift */,
			);
			path = ViewModels;
			sourceTree = "<group>";
		};
		CB97C3922817A8C4005B75FC /* Models */ = {
			isa = PBXGroup;
			children = (
				CB52BA382818C56C0027C72B /* BusinessSearch.swift */,
				CB52BA342818BBB80027C72B /* Model.swift */,
				CB52BA362818BBCB0027C72B /* SampleData.json */,
			);
			path = Models;
			sourceTree = "<group>";
		};
		CB97C3952817B56C005B75FC /* Frameworks */ = {
			isa = PBXGroup;
			children = (
				CB97C3962817B56C005B75FC /* CoreLocation.framework */,
			);
			name = Frameworks;
			sourceTree = "<group>";
		};
/* End PBXGroup section */

/* Begin PBXNativeTarget section */
		CB97C37E2817A88A005B75FC /* City Sights App */ = {
			isa = PBXNativeTarget;
			buildConfigurationList = CB97C38D2817A88E005B75FC /* Build configuration list for PBXNativeTarget "City Sights App" */;
			buildPhases = (
				CB97C37B2817A88A005B75FC /* Sources */,
				CB97C37C2817A88A005B75FC /* Frameworks */,
				CB97C37D2817A88A005B75FC /* Resources */,
			);
			buildRules = (
			);
			dependencies = (
			);
			name = "City Sights App";
			productName = "City Sights App";
			productReference = CB97C37F2817A88A005B75FC /* City Sights App.app */;
			productType = "com.apple.product-type.application";
		};
/* End PBXNativeTarget section */

/* Begin PBXProject section */
		CB97C3772817A88A005B75FC /* Project object */ = {
			isa = PBXProject;
			attributes = {
				BuildIndependentTargetsInParallel = 1;
				LastSwiftUpdateCheck = 1330;
				LastUpgradeCheck = 1330;
				TargetAttributes = {
					CB97C37E2817A88A005B75FC = {
						CreatedOnToolsVersion = 13.3.1;
					};
				};
			};
			buildConfigurationList = CB97C37A2817A88A005B75FC /* Build configuration list for PBXProject "City Sights App" */;
			compatibilityVersion = "Xcode 13.0";
			developmentRegion = en;
			hasScannedForEncodings = 0;
			knownRegions = (
				en,
				Base,
			);
			mainGroup = CB97C3762817A88A005B75FC;
			productRefGroup = CB97C3802817A88A005B75FC /* Products */;
			projectDirPath = "";
			projectRoot = "";
			targets = (
				CB97C37E2817A88A005B75FC /* City Sights App */,
			);
		};
/* End PBXProject section */

/* Begin PBXResourcesBuildPhase section */
		CB97C37D2817A88A005B75FC /* Resources */ = {
			isa = PBXResourcesBuildPhase;
			buildActionMask = 2147483647;
			files = (
				CB97C38A2817A88E005B75FC /* Preview Assets.xcassets in Resources */,
				CB52BA372818BBCB0027C72B /* SampleData.json in Resources */,
				CB97C3872817A88E005B75FC /* Assets.xcassets in Resources */,
			);
			runOnlyForDeploymentPostprocessing = 0;
		};
/* End PBXResourcesBuildPhase section */

/* Begin PBXSourcesBuildPhase section */
		CB97C37B2817A88A005B75FC /* Sources */ = {
			isa = PBXSourcesBuildPhase;
			buildActionMask = 2147483647;
			files = (
				CB97C3852817A88A005B75FC /* LaunchView.swift in Sources */,
				CB52BA412818F97F0027C72B /* HomeView.swift in Sources */,
				CB97C3832817A88A005B75FC /* CitySightsApp.swift in Sources */,
				CB52BA462818FD9B0027C72B /* BusinessSectionHeader.swift in Sources */,
				CB97C3942817B534005B75FC /* ContentModel.swift in Sources */,
				CB52BA392818C56C0027C72B /* BusinessSearch.swift in Sources */,
				CB52BA442818FB950027C72B /* BusinessList.swift in Sources */,
				CB52BA482818FE3F0027C72B /* BusinessSection.swift in Sources */,
				CB52BA352818BBB80027C72B /* Model.swift in Sources */,
				CB52BA3C2818C7080027C72B /* Constants.swift in Sources */,
			);
			runOnlyForDeploymentPostprocessing = 0;
		};
/* End PBXSourcesBuildPhase section */

/* Begin XCBuildConfiguration section */
		CB97C38B2817A88E005B75FC /* Debug */ = {
			isa = XCBuildConfiguration;
			buildSettings = {
				ALWAYS_SEARCH_USER_PATHS = NO;
				CLANG_ANALYZER_NONNULL = YES;
				CLANG_ANALYZER_NUMBER_OBJECT_CONVERSION = YES_AGGRESSIVE;
				CLANG_CXX_LANGUAGE_STANDARD = "gnu++17";
				CLANG_ENABLE_MODULES = YES;
				CLANG_ENABLE_OBJC_ARC = YES;
				CLANG_ENABLE_OBJC_WEAK = YES;
				CLANG_WARN_BLOCK_CAPTURE_AUTORELEASING = YES;
				CLANG_WARN_BOOL_CONVERSION = YES;
				CLANG_WARN_COMMA = YES;
				CLANG_WARN_CONSTANT_CONVERSION = YES;
				CLANG_WARN_DEPRECATED_OBJC_IMPLEMENTATIONS = YES;
				CLANG_WARN_DIRECT_OBJC_ISA_USAGE = YES_ERROR;
				CLANG_WARN_DOCUMENTATION_COMMENTS = YES;
				CLANG_WARN_EMPTY_BODY = YES;
				CLANG_WARN_ENUM_CONVERSION = YES;
				CLANG_WARN_INFINITE_RECURSION = YES;
				CLANG_WARN_INT_CONVERSION = YES;
				CLANG_WARN_NON_LITERAL_NULL_CONVERSION = YES;
				CLANG_WARN_OBJC_IMPLICIT_RETAIN_SELF = YES;
				CLANG_WARN_OBJC_LITERAL_CONVERSION = YES;
				CLANG_WARN_OBJC_ROOT_CLASS = YES_ERROR;
				CLANG_WARN_QUOTED_INCLUDE_IN_FRAMEWORK_HEADER = YES;
				CLANG_WARN_RANGE_LOOP_ANALYSIS = YES;
				CLANG_WARN_STRICT_PROTOTYPES = YES;
				CLANG_WARN_SUSPICIOUS_MOVE = YES;
				CLANG_WARN_UNGUARDED_AVAILABILITY = YES_AGGRESSIVE;
				CLANG_WARN_UNREACHABLE_CODE = YES;
				CLANG_WARN__DUPLICATE_METHOD_MATCH = YES;
				COPY_PHASE_STRIP = NO;
				DEBUG_INFORMATION_FORMAT = dwarf;
				ENABLE_STRICT_OBJC_MSGSEND = YES;
				ENABLE_TESTABILITY = YES;
				GCC_C_LANGUAGE_STANDARD = gnu11;
				GCC_DYNAMIC_NO_PIC = NO;
				GCC_NO_COMMON_BLOCKS = YES;
				GCC_OPTIMIZATION_LEVEL = 0;
				GCC_PREPROCESSOR_DEFINITIONS = (
					"DEBUG=1",
					"$(inherited)",
				);
				GCC_WARN_64_TO_32_BIT_CONVERSION = YES;
				GCC_WARN_ABOUT_RETURN_TYPE = YES_ERROR;
				GCC_WARN_UNDECLARED_SELECTOR = YES;
				GCC_WARN_UNINITIALIZED_AUTOS = YES_AGGRESSIVE;
				GCC_WARN_UNUSED_FUNCTION = YES;
				GCC_WARN_UNUSED_VARIABLE = YES;
				IPHONEOS_DEPLOYMENT_TARGET = 15.4;
				MTL_ENABLE_DEBUG_INFO = INCLUDE_SOURCE;
				MTL_FAST_MATH = YES;
				ONLY_ACTIVE_ARCH = YES;
				SDKROOT = iphoneos;
				SWIFT_ACTIVE_COMPILATION_CONDITIONS = DEBUG;
				SWIFT_OPTIMIZATION_LEVEL = "-Onone";
			};
			name = Debug;
		};
		CB97C38C2817A88E005B75FC /* Release */ = {
			isa = XCBuildConfiguration;
			buildSettings = {
				ALWAYS_SEARCH_USER_PATHS = NO;
				CLANG_ANALYZER_NONNULL = YES;
				CLANG_ANALYZER_NUMBER_OBJECT_CONVERSION = YES_AGGRESSIVE;
				CLANG_CXX_LANGUAGE_STANDARD = "gnu++17";
				CLANG_ENABLE_MODULES = YES;
				CLANG_ENABLE_OBJC_ARC = YES;
				CLANG_ENABLE_OBJC_WEAK = YES;
				CLANG_WARN_BLOCK_CAPTURE_AUTORELEASING = YES;
				CLANG_WARN_BOOL_CONVERSION = YES;
				CLANG_WARN_COMMA = YES;
				CLANG_WARN_CONSTANT_CONVERSION = YES;
				CLANG_WARN_DEPRECATED_OBJC_IMPLEMENTATIONS = YES;
				CLANG_WARN_DIRECT_OBJC_ISA_USAGE = YES_ERROR;
				CLANG_WARN_DOCUMENTATION_COMMENTS = YES;
				CLANG_WARN_EMPTY_BODY = YES;
				CLANG_WARN_ENUM_CONVERSION = YES;
				CLANG_WARN_INFINITE_RECURSION = YES;
				CLANG_WARN_INT_CONVERSION = YES;
				CLANG_WARN_NON_LITERAL_NULL_CONVERSION = YES;
				CLANG_WARN_OBJC_IMPLICIT_RETAIN_SELF = YES;
				CLANG_WARN_OBJC_LITERAL_CONVERSION = YES;
				CLANG_WARN_OBJC_ROOT_CLASS = YES_ERROR;
				CLANG_WARN_QUOTED_INCLUDE_IN_FRAMEWORK_HEADER = YES;
				CLANG_WARN_RANGE_LOOP_ANALYSIS = YES;
				CLANG_WARN_STRICT_PROTOTYPES = YES;
				CLANG_WARN_SUSPICIOUS_MOVE = YES;
				CLANG_WARN_UNGUARDED_AVAILABILITY = YES_AGGRESSIVE;
				CLANG_WARN_UNREACHABLE_CODE = YES;
				CLANG_WARN__DUPLICATE_METHOD_MATCH = YES;
				COPY_PHASE_STRIP = NO;
				DEBUG_INFORMATION_FORMAT = "dwarf-with-dsym";
				ENABLE_NS_ASSERTIONS = NO;
				ENABLE_STRICT_OBJC_MSGSEND = YES;
				GCC_C_LANGUAGE_STANDARD = gnu11;
				GCC_NO_COMMON_BLOCKS = YES;
				GCC_WARN_64_TO_32_BIT_CONVERSION = YES;
				GCC_WARN_ABOUT_RETURN_TYPE = YES_ERROR;
				GCC_WARN_UNDECLARED_SELECTOR = YES;
				GCC_WARN_UNINITIALIZED_AUTOS = YES_AGGRESSIVE;
				GCC_WARN_UNUSED_FUNCTION = YES;
				GCC_WARN_UNUSED_VARIABLE = YES;
				IPHONEOS_DEPLOYMENT_TARGET = 15.4;
				MTL_ENABLE_DEBUG_INFO = NO;
				MTL_FAST_MATH = YES;
				SDKROOT = iphoneos;
				SWIFT_COMPILATION_MODE = wholemodule;
				SWIFT_OPTIMIZATION_LEVEL = "-O";
				VALIDATE_PRODUCT = YES;
			};
			name = Release;
		};
		CB97C38E2817A88E005B75FC /* Debug */ = {
			isa = XCBuildConfiguration;
			buildSettings = {
				ASSETCATALOG_COMPILER_APPICON_NAME = AppIcon;
				ASSETCATALOG_COMPILER_GLOBAL_ACCENT_COLOR_NAME = AccentColor;
				CODE_SIGN_STYLE = Automatic;
				CURRENT_PROJECT_VERSION = 1;
				DEVELOPMENT_ASSET_PATHS = "\"City Sights App/Preview Content\"";
				DEVELOPMENT_TEAM = JRCGD3J9C6;
				ENABLE_PREVIEWS = YES;
				GENERATE_INFOPLIST_FILE = YES;
				INFOPLIST_KEY_NSLocationWhenInUseUsageDescription = "Grant permission to find restaurants near you";
				INFOPLIST_KEY_UIApplicationSceneManifest_Generation = YES;
				INFOPLIST_KEY_UIApplicationSupportsIndirectInputEvents = YES;
				INFOPLIST_KEY_UILaunchScreen_Generation = YES;
				INFOPLIST_KEY_UISupportedInterfaceOrientations_iPad = "UIInterfaceOrientationPortrait UIInterfaceOrientationPortraitUpsideDown UIInterfaceOrientationLandscapeLeft UIInterfaceOrientationLandscapeRight";
				INFOPLIST_KEY_UISupportedInterfaceOrientations_iPhone = "UIInterfaceOrientationPortrait UIInterfaceOrientationLandscapeLeft UIInterfaceOrientationLandscapeRight";
				LD_RUNPATH_SEARCH_PATHS = (
					"$(inherited)",
					"@executable_path/Frameworks",
				);
				MARKETING_VERSION = 1.0;
				PRODUCT_BUNDLE_IDENTIFIER = "com.personal.City-Sights-App";
				PRODUCT_NAME = "$(TARGET_NAME)";
				SWIFT_EMIT_LOC_STRINGS = YES;
				SWIFT_VERSION = 5.0;
				TARGETED_DEVICE_FAMILY = "1,2";
			};
			name = Debug;
		};
		CB97C38F2817A88E005B75FC /* Release */ = {
			isa = XCBuildConfiguration;
			buildSettings = {
				ASSETCATALOG_COMPILER_APPICON_NAME = AppIcon;
				ASSETCATALOG_COMPILER_GLOBAL_ACCENT_COLOR_NAME = AccentColor;
				CODE_SIGN_STYLE = Automatic;
				CURRENT_PROJECT_VERSION = 1;
				DEVELOPMENT_ASSET_PATHS = "\"City Sights App/Preview Content\"";
				DEVELOPMENT_TEAM = JRCGD3J9C6;
				ENABLE_PREVIEWS = YES;
				GENERATE_INFOPLIST_FILE = YES;
				INFOPLIST_KEY_NSLocationWhenInUseUsageDescription = "Grant permission to find restaurants near you";
				INFOPLIST_KEY_UIApplicationSceneManifest_Generation = YES;
				INFOPLIST_KEY_UIApplicationSupportsIndirectInputEvents = YES;
				INFOPLIST_KEY_UILaunchScreen_Generation = YES;
				INFOPLIST_KEY_UISupportedInterfaceOrientations_iPad = "UIInterfaceOrientationPortrait UIInterfaceOrientationPortraitUpsideDown UIInterfaceOrientationLandscapeLeft UIInterfaceOrientationLandscapeRight";
				INFOPLIST_KEY_UISupportedInterfaceOrientations_iPhone = "UIInterfaceOrientationPortrait UIInterfaceOrientationLandscapeLeft UIInterfaceOrientationLandscapeRight";
				LD_RUNPATH_SEARCH_PATHS = (
					"$(inherited)",
					"@executable_path/Frameworks",
				);
				MARKETING_VERSION = 1.0;
				PRODUCT_BUNDLE_IDENTIFIER = "com.personal.City-Sights-App";
				PRODUCT_NAME = "$(TARGET_NAME)";
				SWIFT_EMIT_LOC_STRINGS = YES;
				SWIFT_VERSION = 5.0;
				TARGETED_DEVICE_FAMILY = "1,2";
			};
			name = Release;
		};
/* End XCBuildConfiguration section */

/* Begin XCConfigurationList section */
		CB97C37A2817A88A005B75FC /* Build configuration list for PBXProject "City Sights App" */ = {
			isa = XCConfigurationList;
			buildConfigurations = (
				CB97C38B2817A88E005B75FC /* Debug */,
				CB97C38C2817A88E005B75FC /* Release */,
			);
			defaultConfigurationIsVisible = 0;
			defaultConfigurationName = Release;
		};
		CB97C38D2817A88E005B75FC /* Build configuration list for PBXNativeTarget "City Sights App" */ = {
			isa = XCConfigurationList;
			buildConfigurations = (
				CB97C38E2817A88E005B75FC /* Debug */,
				CB97C38F2817A88E005B75FC /* Release */,
			);
			defaultConfigurationIsVisible = 0;
			defaultConfigurationName = Release;
		};
/* End XCConfigurationList section */
	};
	rootObject = CB97C3772817A88A005B75FC /* Project object */;
}
